
Microsoft Visual Studio Solution File, Format Version 12.00
# Visual Studio 15
VisualStudioVersion = 15.0.27703.2047
MinimumVisualStudioVersion = 10.0.40219.1
Project("{FAE04EC0-301F-11D3-BF4B-00C04F79EFBC}") = "Goro.Api", "src\Services\Goro.Api\Goro.Api.csproj", "{29978495-4645-48E4-8711-638BFFE010FE}"
EndProject
Project("{2150E333-8FDC-42A3-9474-1A3956D46DE8}") = "src", "src", "{AC7EEB45-0643-4579-A514-996C38B1416F}"
EndProject
Project("{2150E333-8FDC-42A3-9474-1A3956D46DE8}") = "test", "test", "{DEE419ED-8B28-470E-B001-71646EA80A1A}"
EndProject
Project("{FAE04EC0-301F-11D3-BF4B-00C04F79EFBC}") = "Goro.Mvc", "src\Web\Goro.Mvc\Goro.Mvc.csproj", "{AB9F276D-F47A-49CB-93E5-781AD53B4905}"
EndProject
Project("{2150E333-8FDC-42A3-9474-1A3956D46DE8}") = "Services", "Services", "{9A7682CE-4D0E-4267-8D1E-9599E37A4D00}"
EndProject
Project("{2150E333-8FDC-42A3-9474-1A3956D46DE8}") = "Web", "Web", "{AE128064-77B4-4F8F-AA2C-CA675FFE2003}"
EndProject
Project("{2150E333-8FDC-42A3-9474-1A3956D46DE8}") = "Services", "Services", "{06A1A8BE-A0D3-45DE-B732-A27563BBBE3C}"
EndProject
Project("{2150E333-8FDC-42A3-9474-1A3956D46DE8}") = "Web", "Web", "{BFF4BC78-6EA1-4986-8EEE-085A1FC79DD8}"
EndProject
Project("{FAE04EC0-301F-11D3-BF4B-00C04F79EFBC}") = "Goro.Api.Tests", "test\Services\Goro.Api.Tests\Goro.Api.Tests.csproj", "{CD84D3DF-1072-449F-A125-D68DEBFC73F9}"
EndProject
Project("{FAE04EC0-301F-11D3-BF4B-00C04F79EFBC}") = "Goro.Mvc.Tests", "test\Web\Goro.Mvc.Tests\Goro.Mvc.Tests.csproj", "{123957D8-F7FE-4283-83A3-DFAF40CD6225}"
EndProject
Global
	GlobalSection(SolutionConfigurationPlatforms) = preSolution
		Debug|Any CPU = Debug|Any CPU
		Release|Any CPU = Release|Any CPU
	EndGlobalSection
	GlobalSection(ProjectConfigurationPlatforms) = postSolution
		{29978495-4645-48E4-8711-638BFFE010FE}.Debug|Any CPU.ActiveCfg = Debug|Any CPU
		{29978495-4645-48E4-8711-638BFFE010FE}.Debug|Any CPU.Build.0 = Debug|Any CPU
		{29978495-4645-48E4-8711-638BFFE010FE}.Release|Any CPU.ActiveCfg = Release|Any CPU
		{29978495-4645-48E4-8711-638BFFE010FE}.Release|Any CPU.Build.0 = Release|Any CPU
		{AB9F276D-F47A-49CB-93E5-781AD53B4905}.Debug|Any CPU.ActiveCfg = Debug|Any CPU
		{AB9F276D-F47A-49CB-93E5-781AD53B4905}.Debug|Any CPU.Build.0 = Debug|Any CPU
		{AB9F276D-F47A-49CB-93E5-781AD53B4905}.Release|Any CPU.ActiveCfg = Release|Any CPU
		{AB9F276D-F47A-49CB-93E5-781AD53B4905}.Release|Any CPU.Build.0 = Release|Any CPU
		{CD84D3DF-1072-449F-A125-D68DEBFC73F9}.Debug|Any CPU.ActiveCfg = Debug|Any CPU
		{CD84D3DF-1072-449F-A125-D68DEBFC73F9}.Debug|Any CPU.Build.0 = Debug|Any CPU
		{CD84D3DF-1072-449F-A125-D68DEBFC73F9}.Release|Any CPU.ActiveCfg = Release|Any CPU
		{CD84D3DF-1072-449F-A125-D68DEBFC73F9}.Release|Any CPU.Build.0 = Release|Any CPU
		{123957D8-F7FE-4283-83A3-DFAF40CD6225}.Debug|Any CPU.ActiveCfg = Debug|Any CPU
		{123957D8-F7FE-4283-83A3-DFAF40CD6225}.Debug|Any CPU.Build.0 = Debug|Any CPU
		{123957D8-F7FE-4283-83A3-DFAF40CD6225}.Release|Any CPU.ActiveCfg = Release|Any CPU
		{123957D8-F7FE-4283-83A3-DFAF40CD6225}.Release|Any CPU.Build.0 = Release|Any CPU
	EndGlobalSection
	GlobalSection(SolutionProperties) = preSolution
		HideSolutionNode = FALSE
	EndGlobalSection
	GlobalSection(NestedProjects) = preSolution
		{29978495-4645-48E4-8711-638BFFE010FE} = {9A7682CE-4D0E-4267-8D1E-9599E37A4D00}
		{AB9F276D-F47A-49CB-93E5-781AD53B4905} = {AE128064-77B4-4F8F-AA2C-CA675FFE2003}
		{9A7682CE-4D0E-4267-8D1E-9599E37A4D00} = {AC7EEB45-0643-4579-A514-996C38B1416F}
		{AE128064-77B4-4F8F-AA2C-CA675FFE2003} = {AC7EEB45-0643-4579-A514-996C38B1416F}
		{06A1A8BE-A0D3-45DE-B732-A27563BBBE3C} = {DEE419ED-8B28-470E-B001-71646EA80A1A}
		{BFF4BC78-6EA1-4986-8EEE-085A1FC79DD8} = {DEE419ED-8B28-470E-B001-71646EA80A1A}
		{CD84D3DF-1072-449F-A125-D68DEBFC73F9} = {06A1A8BE-A0D3-45DE-B732-A27563BBBE3C}
		{123957D8-F7FE-4283-83A3-DFAF40CD6225} = {BFF4BC78-6EA1-4986-8EEE-085A1FC79DD8}
	EndGlobalSection
	GlobalSection(ExtensibilityGlobals) = postSolution
		SolutionGuid = {FE4D7DF0-9584-4847-84BC-0C07BD7A629F}
	EndGlobalSection
EndGlobal
