
Microsoft Visual Studio Solution File, Format Version 12.00
# Visual Studio 15
VisualStudioVersion = 15.0.27703.2047
MinimumVisualStudioVersion = 10.0.40219.1
Project("{9A19103F-16F7-4668-BE54-9A1E7A4F7556}") = "Goro.Api", "Goro.Api\Goro.Api.csproj", "{CF3CF6E2-CB3F-44E7-AF09-41B0114106DF}"
EndProject
Project("{9A19103F-16F7-4668-BE54-9A1E7A4F7556}") = "Goro.Mvc", "Goro.Mvc\Goro.Mvc.csproj", "{DBDC5BA9-E4E0-4FBC-A902-9A4B135069B1}"
EndProject
Global
	GlobalSection(SolutionConfigurationPlatforms) = preSolution
		Debug|Any CPU = Debug|Any CPU
		Release|Any CPU = Release|Any CPU
	EndGlobalSection
	GlobalSection(ProjectConfigurationPlatforms) = postSolution
		{CF3CF6E2-CB3F-44E7-AF09-41B0114106DF}.Debug|Any CPU.ActiveCfg = Debug|Any CPU
		{CF3CF6E2-CB3F-44E7-AF09-41B0114106DF}.Debug|Any CPU.Build.0 = Debug|Any CPU
		{CF3CF6E2-CB3F-44E7-AF09-41B0114106DF}.Release|Any CPU.ActiveCfg = Release|Any CPU
		{CF3CF6E2-CB3F-44E7-AF09-41B0114106DF}.Release|Any CPU.Build.0 = Release|Any CPU
		{DBDC5BA9-E4E0-4FBC-A902-9A4B135069B1}.Debug|Any CPU.ActiveCfg = Debug|Any CPU
		{DBDC5BA9-E4E0-4FBC-A902-9A4B135069B1}.Debug|Any CPU.Build.0 = Debug|Any CPU
		{DBDC5BA9-E4E0-4FBC-A902-9A4B135069B1}.Release|Any CPU.ActiveCfg = Release|Any CPU
		{DBDC5BA9-E4E0-4FBC-A902-9A4B135069B1}.Release|Any CPU.Build.0 = Release|Any CPU
	EndGlobalSection
	GlobalSection(SolutionProperties) = preSolution
		HideSolutionNode = FALSE
	EndGlobalSection
	GlobalSection(ExtensibilityGlobals) = postSolution
		SolutionGuid = {FE4D7DF0-9584-4847-84BC-0C07BD7A629F}
	EndGlobalSection
EndGlobal
